
Microsoft Visual Studio Solution File, Format Version 12.00
# Visual Studio 15
VisualStudioVersion = 15.0.28307.421
MinimumVisualStudioVersion = 10.0.40219.1
Project("{9A19103F-16F7-4668-BE54-9A1E7A4F7556}") = "Kyklos.Kernel.Core.Test", "Kyklos.Kernel.Core.Test\Kyklos.Kernel.Core.Test.csproj", "{6FF88DF6-C503-42A5-AA61-61298DA7038A}"
EndProject
Project("{9A19103F-16F7-4668-BE54-9A1E7A4F7556}") = "Kyklos.Kernel.Core.Test.NetCore", "Kyklos.Kernel.Core.Test.NetCore\Kyklos.Kernel.Core.Test.NetCore.csproj", "{F44DCCDF-538E-467D-861E-3BD565810FD9}"
EndProject
Project("{FAE04EC0-301F-11D3-BF4B-00C04F79EFBC}") = "Kyklos.Kernel.Core.Test.NetFramework", "Kyklos.Kernel.Core.Test.NetFramework\Kyklos.Kernel.Core.Test.NetFramework.csproj", "{64B293C0-372F-4C85-9EB4-3FD4F113209C}"
EndProject
Project("{2150E333-8FDC-42A3-9474-1A3956D46DE8}") = "Kyklos.Kernel.Core", "Kyklos.Kernel.Core", "{AAB26653-DE8B-4825-B4EA-BDE01F937D0F}"
EndProject
Project("{2150E333-8FDC-42A3-9474-1A3956D46DE8}") = "Kyklos.Kernel.Graphics", "Kyklos.Kernel.Graphics", "{BAA83A1E-B84F-41E3-8D64-DF30071EF35E}"
EndProject
Project("{9A19103F-16F7-4668-BE54-9A1E7A4F7556}") = "Kyklos.Kernel.Graphics.Test", "Kyklos.Kernel.Graphics.Test\Kyklos.Kernel.Graphics.Test.csproj", "{B9993162-3EBE-4B04-9AA5-94700F7FA39B}"
EndProject
Project("{9A19103F-16F7-4668-BE54-9A1E7A4F7556}") = "Kyklos.Kernel.Graphics.Test.NetCore", "Kyklos.Kernel.Graphics.Test.NetCore\Kyklos.Kernel.Graphics.Test.NetCore.csproj", "{FE137D72-59DB-4E64-B63F-0F490AF4AF98}"
EndProject
Project("{FAE04EC0-301F-11D3-BF4B-00C04F79EFBC}") = "Kyklos.Kernel.Graphics.Test.NetFramework", "Kyklos.Kernel.Graphics.Test.NetFramework\Kyklos.Kernel.Graphics.Test.NetFramework.csproj", "{9C620ED3-395A-4993-A4D4-E63260701184}"
EndProject
Project("{2150E333-8FDC-42A3-9474-1A3956D46DE8}") = "Kyklos.Kernel.Compression", "Kyklos.Kernel.Compression", "{5C62D7B6-D951-4BC2-9829-C9A2FABD83B3}"
EndProject
Project("{9A19103F-16F7-4668-BE54-9A1E7A4F7556}") = "Kyklos.Kernel.Compression.Test", "Kyklos.Kernel.Compression.Test\Kyklos.Kernel.Compression.Test.csproj", "{27C47AA9-4A80-4DCF-BBCC-FF50A988B14E}"
EndProject
Project("{9A19103F-16F7-4668-BE54-9A1E7A4F7556}") = "Kyklos.Kernel.Compression.Test.NetCore", "Kyklos.Kernel.Compression.Test.NetCore\Kyklos.Kernel.Compression.Test.NetCore.csproj", "{7CF6520C-DA10-49A0-87D4-B9BA26584EC6}"
EndProject
Project("{FAE04EC0-301F-11D3-BF4B-00C04F79EFBC}") = "Kyklos.Kernel.Compression.Test.NetFramework", "Kyklos.Kernel.Compression.Test.NetFramework\Kyklos.Kernel.Compression.Test.NetFramework.csproj", "{715380F6-6565-4D36-A861-E876CA498861}"
EndProject
Project("{2150E333-8FDC-42A3-9474-1A3956D46DE8}") = "Kyklos.Kernel.Http", "Kyklos.Kernel.Http", "{617BD05D-7321-4DBA-95C9-988C9249E3DC}"
EndProject
Project("{2150E333-8FDC-42A3-9474-1A3956D46DE8}") = "Kyklos.Kernel.Threading", "Kyklos.Kernel.Threading", "{AAFAF53F-14E2-4EE9-B053-B1803D47AEE4}"
EndProject
Project("{2150E333-8FDC-42A3-9474-1A3956D46DE8}") = "Kyklos.Kernel.Ftp", "Kyklos.Kernel.Ftp", "{7D596D39-75C9-4796-8B62-4708924F1CA6}"
EndProject
Project("{9A19103F-16F7-4668-BE54-9A1E7A4F7556}") = "Kyklos.Kernel.Ftp.Test", "Kyklos.Kernel.Ftp.Test\Kyklos.Kernel.Ftp.Test.csproj", "{BB5B7EE2-ECD3-4A86-A6AE-31D3C8254AE5}"
EndProject
Project("{9A19103F-16F7-4668-BE54-9A1E7A4F7556}") = "Kyklos.Kernel.Http.Test", "Kyklos.Kernel.Http.Test\Kyklos.Kernel.Http.Test.csproj", "{D6189294-C129-4656-9116-EC382559410F}"
EndProject
Project("{9A19103F-16F7-4668-BE54-9A1E7A4F7556}") = "Kyklos.Kernel.Threading.Test", "Kyklos.Kernel.Threading.Test\Kyklos.Kernel.Threading.Test.csproj", "{88D53758-84E1-4140-8F30-67A1D9BD3C96}"
EndProject
Project("{9A19103F-16F7-4668-BE54-9A1E7A4F7556}") = "Kyklos.Kernel.Ftp.Test.NetCore", "Kyklos.Kernel.Ftp.Test.NetCore\Kyklos.Kernel.Ftp.Test.NetCore.csproj", "{4F18C04D-0B48-4946-B87E-2708358B61EE}"
EndProject
Project("{9A19103F-16F7-4668-BE54-9A1E7A4F7556}") = "Kyklos.Kernel.Http.Test.NetCore", "Kyklos.Kernel.Http.Test.NetCore\Kyklos.Kernel.Http.Test.NetCore.csproj", "{5FCD09FE-F124-4FB3-B74C-CE5430A49C4E}"
EndProject
Project("{FAE04EC0-301F-11D3-BF4B-00C04F79EFBC}") = "Kyklos.Kernel.Ftp.Test.NetFramework", "Kyklos.Kernel.Ftp.Test.NetFramework\Kyklos.Kernel.Ftp.Test.NetFramework.csproj", "{17CF5451-9D96-4D71-B675-190FD396829E}"
EndProject
Project("{FAE04EC0-301F-11D3-BF4B-00C04F79EFBC}") = "Kyklos.Kernel.Http.Test.NetFramework", "Kyklos.Kernel.Http.Test.NetFramework\Kyklos.Kernel.Http.Test.NetFramework.csproj", "{29898E82-B28D-4D41-A2A8-E2921546B338}"
EndProject
Project("{FAE04EC0-301F-11D3-BF4B-00C04F79EFBC}") = "Kyklos.Kernel.Threading.Test.NetFramework", "Kyklos.Kernel.Threading.Test.NetFramework\Kyklos.Kernel.Threading.Test.NetFramework.csproj", "{33023EEA-9F71-4648-9B75-01260A26FE06}"
EndProject
Project("{9A19103F-16F7-4668-BE54-9A1E7A4F7556}") = "Kyklos.Kernel.Threading.Test.NetCore", "Kyklos.Kernel.Threading.Test.NetCore\Kyklos.Kernel.Threading.Test.NetCore.csproj", "{85F669C1-AAC8-4FC2-A8EA-962D4DD33ECB}"
EndProject
Project("{2150E333-8FDC-42A3-9474-1A3956D46DE8}") = "Kyklos.Kernel.Reactive", "Kyklos.Kernel.Reactive", "{217E8F56-4BC3-4F4F-B229-25CA0956A32B}"
EndProject
Project("{9A19103F-16F7-4668-BE54-9A1E7A4F7556}") = "Kyklos.Kernel.Reactive.Test", "Kyklos.Kernel.Reactive.Test\Kyklos.Kernel.Reactive.Test.csproj", "{3931F335-A9DA-42AD-9C9D-F118BE15F4FD}"
EndProject
Project("{FAE04EC0-301F-11D3-BF4B-00C04F79EFBC}") = "Kyklos.Kernel.Reactive.Test.NetFramework", "Kyklos.Kernel.Reactive.Test.NetFramework\Kyklos.Kernel.Reactive.Test.NetFramework.csproj", "{9E542951-A4E3-4867-8B8E-86621FE93C21}"
EndProject
Project("{9A19103F-16F7-4668-BE54-9A1E7A4F7556}") = "Kyklos.Kernel.Reactive.Test.NetCore", "Kyklos.Kernel.Reactive.Test.NetCore\Kyklos.Kernel.Reactive.Test.NetCore.csproj", "{C8E9DD91-9190-4E44-ADEB-3A444D1D997B}"
EndProject
Project("{2150E333-8FDC-42A3-9474-1A3956D46DE8}") = "Kyklos.Kernel.Data", "Kyklos.Kernel.Data", "{10AAB035-7381-4CD5-9910-D126A244C257}"
EndProject
Project("{9A19103F-16F7-4668-BE54-9A1E7A4F7556}") = "Kyklos.Kernel.Data.Test", "Kyklos.Kernel.Data.Test\Kyklos.Kernel.Data.Test.csproj", "{11B6F7F8-1516-43E2-929C-F8F187350DA0}"
EndProject
Project("{9A19103F-16F7-4668-BE54-9A1E7A4F7556}") = "Kyklos.Kernel.Data.MariaDB.Test.NetCore", "Kyklos.Kernel.Data.MariaDB.Test.NetCore\Kyklos.Kernel.Data.MariaDB.Test.NetCore.csproj", "{3987F974-0647-4FD7-B9C9-C73DC96B2F20}"
EndProject
Project("{FAE04EC0-301F-11D3-BF4B-00C04F79EFBC}") = "Kyklos.Kernel.Data.MariaDB.Test.NetFramework", "Kyklos.Kernel.Data.MariaDB.Test.NetFramework\Kyklos.Kernel.Data.MariaDB.Test.NetFramework.csproj", "{BB4B9E6B-449C-4C4F-97C4-E878605AD734}"
EndProject
Project("{9A19103F-16F7-4668-BE54-9A1E7A4F7556}") = "Kyklos.Kernel.Data.Oracle.Test.NetCore", "Kyklos.Kernel.Data.Oracle.Test.NetCore\Kyklos.Kernel.Data.Oracle.Test.NetCore.csproj", "{E5B99EB6-888B-43F4-9EDF-C7F81E9EAA17}"
EndProject
Project("{FAE04EC0-301F-11D3-BF4B-00C04F79EFBC}") = "Kyklos.Kernel.Data.Oracle.Test.NetFramework", "Kyklos.Kernel.Data.Oracle.Test.NetFramework\Kyklos.Kernel.Data.Oracle.Test.NetFramework.csproj", "{4B784F53-CEB2-4F71-B355-BB77CAA3BE41}"
EndProject
Project("{9A19103F-16F7-4668-BE54-9A1E7A4F7556}") = "Kyklos.Kernel.Data.PostgreSQL.Test.NetCore", "Kyklos.Kernel.Data.PostgreSQL.Test.NetCore\Kyklos.Kernel.Data.PostgreSQL.Test.NetCore.csproj", "{AB2A34EE-0116-4538-A1FA-3B66C6A38564}"
EndProject
Project("{9A19103F-16F7-4668-BE54-9A1E7A4F7556}") = "Kyklos.Kernel.Data.SQLite.Test.NetCore", "Kyklos.Kernel.Data.SQLite.Test.NetCore\Kyklos.Kernel.Data.SQLite.Test.NetCore.csproj", "{019F450B-F1BD-4AF8-9554-C61A857D91FE}"
EndProject
Project("{9A19103F-16F7-4668-BE54-9A1E7A4F7556}") = "Kyklos.Kernel.Data.SqlServer.Test.NetCore", "Kyklos.Kernel.Data.SqlServer.Test.NetCore\Kyklos.Kernel.Data.SqlServer.Test.NetCore.csproj", "{AD9BC2CB-DD2C-4A7B-B316-62B2059E59CD}"
EndProject
Project("{FAE04EC0-301F-11D3-BF4B-00C04F79EFBC}") = "Kyklos.Kernel.Data.SQLite.Test.NetFramework", "Kyklos.Kernel.Data.SQLite.Test.NetFramework\Kyklos.Kernel.Data.SQLite.Test.NetFramework.csproj", "{1D7D413F-847F-473E-A389-767AF206BC56}"
EndProject
Project("{FAE04EC0-301F-11D3-BF4B-00C04F79EFBC}") = "Kyklos.Kernel.Data.SqlServer.Test.NetFramework", "Kyklos.Kernel.Data.SqlServer.Test.NetFramework\Kyklos.Kernel.Data.SqlServer.Test.NetFramework.csproj", "{BCD8B67C-BBE2-47EA-9AC8-8A41649C8BBA}"
EndProject
Project("{FAE04EC0-301F-11D3-BF4B-00C04F79EFBC}") = "Kyklos.Kernel.Data.PostgreSQL.Test.NetFramework", "Kyklos.Kernel.Data.PostgreSQL.Test.NetFramework\Kyklos.Kernel.Data.PostgreSQL.Test.NetFramework.csproj", "{D3A3EB39-0B9A-481C-BEC4-498C3EBD4FFF}"
EndProject
Global
	GlobalSection(SolutionConfigurationPlatforms) = preSolution
		Debug|Any CPU = Debug|Any CPU
		Release|Any CPU = Release|Any CPU
	EndGlobalSection
	GlobalSection(ProjectConfigurationPlatforms) = postSolution
		{6FF88DF6-C503-42A5-AA61-61298DA7038A}.Debug|Any CPU.ActiveCfg = Debug|Any CPU
		{6FF88DF6-C503-42A5-AA61-61298DA7038A}.Debug|Any CPU.Build.0 = Debug|Any CPU
		{6FF88DF6-C503-42A5-AA61-61298DA7038A}.Release|Any CPU.ActiveCfg = Release|Any CPU
		{6FF88DF6-C503-42A5-AA61-61298DA7038A}.Release|Any CPU.Build.0 = Release|Any CPU
		{F44DCCDF-538E-467D-861E-3BD565810FD9}.Debug|Any CPU.ActiveCfg = Debug|Any CPU
		{F44DCCDF-538E-467D-861E-3BD565810FD9}.Debug|Any CPU.Build.0 = Debug|Any CPU
		{F44DCCDF-538E-467D-861E-3BD565810FD9}.Release|Any CPU.ActiveCfg = Release|Any CPU
		{F44DCCDF-538E-467D-861E-3BD565810FD9}.Release|Any CPU.Build.0 = Release|Any CPU
		{64B293C0-372F-4C85-9EB4-3FD4F113209C}.Debug|Any CPU.ActiveCfg = Debug|Any CPU
		{64B293C0-372F-4C85-9EB4-3FD4F113209C}.Debug|Any CPU.Build.0 = Debug|Any CPU
		{64B293C0-372F-4C85-9EB4-3FD4F113209C}.Release|Any CPU.ActiveCfg = Release|Any CPU
		{64B293C0-372F-4C85-9EB4-3FD4F113209C}.Release|Any CPU.Build.0 = Release|Any CPU
		{B9993162-3EBE-4B04-9AA5-94700F7FA39B}.Debug|Any CPU.ActiveCfg = Debug|Any CPU
		{B9993162-3EBE-4B04-9AA5-94700F7FA39B}.Debug|Any CPU.Build.0 = Debug|Any CPU
		{B9993162-3EBE-4B04-9AA5-94700F7FA39B}.Release|Any CPU.ActiveCfg = Release|Any CPU
		{B9993162-3EBE-4B04-9AA5-94700F7FA39B}.Release|Any CPU.Build.0 = Release|Any CPU
		{FE137D72-59DB-4E64-B63F-0F490AF4AF98}.Debug|Any CPU.ActiveCfg = Debug|Any CPU
		{FE137D72-59DB-4E64-B63F-0F490AF4AF98}.Debug|Any CPU.Build.0 = Debug|Any CPU
		{FE137D72-59DB-4E64-B63F-0F490AF4AF98}.Release|Any CPU.ActiveCfg = Release|Any CPU
		{FE137D72-59DB-4E64-B63F-0F490AF4AF98}.Release|Any CPU.Build.0 = Release|Any CPU
		{9C620ED3-395A-4993-A4D4-E63260701184}.Debug|Any CPU.ActiveCfg = Debug|Any CPU
		{9C620ED3-395A-4993-A4D4-E63260701184}.Debug|Any CPU.Build.0 = Debug|Any CPU
		{9C620ED3-395A-4993-A4D4-E63260701184}.Release|Any CPU.ActiveCfg = Release|Any CPU
		{9C620ED3-395A-4993-A4D4-E63260701184}.Release|Any CPU.Build.0 = Release|Any CPU
		{27C47AA9-4A80-4DCF-BBCC-FF50A988B14E}.Debug|Any CPU.ActiveCfg = Debug|Any CPU
		{27C47AA9-4A80-4DCF-BBCC-FF50A988B14E}.Debug|Any CPU.Build.0 = Debug|Any CPU
		{27C47AA9-4A80-4DCF-BBCC-FF50A988B14E}.Release|Any CPU.ActiveCfg = Release|Any CPU
		{27C47AA9-4A80-4DCF-BBCC-FF50A988B14E}.Release|Any CPU.Build.0 = Release|Any CPU
		{7CF6520C-DA10-49A0-87D4-B9BA26584EC6}.Debug|Any CPU.ActiveCfg = Debug|Any CPU
		{7CF6520C-DA10-49A0-87D4-B9BA26584EC6}.Debug|Any CPU.Build.0 = Debug|Any CPU
		{7CF6520C-DA10-49A0-87D4-B9BA26584EC6}.Release|Any CPU.ActiveCfg = Release|Any CPU
		{7CF6520C-DA10-49A0-87D4-B9BA26584EC6}.Release|Any CPU.Build.0 = Release|Any CPU
		{715380F6-6565-4D36-A861-E876CA498861}.Debug|Any CPU.ActiveCfg = Debug|Any CPU
		{715380F6-6565-4D36-A861-E876CA498861}.Debug|Any CPU.Build.0 = Debug|Any CPU
		{715380F6-6565-4D36-A861-E876CA498861}.Release|Any CPU.ActiveCfg = Release|Any CPU
		{715380F6-6565-4D36-A861-E876CA498861}.Release|Any CPU.Build.0 = Release|Any CPU
		{BB5B7EE2-ECD3-4A86-A6AE-31D3C8254AE5}.Debug|Any CPU.ActiveCfg = Debug|Any CPU
		{BB5B7EE2-ECD3-4A86-A6AE-31D3C8254AE5}.Debug|Any CPU.Build.0 = Debug|Any CPU
		{BB5B7EE2-ECD3-4A86-A6AE-31D3C8254AE5}.Release|Any CPU.ActiveCfg = Release|Any CPU
		{BB5B7EE2-ECD3-4A86-A6AE-31D3C8254AE5}.Release|Any CPU.Build.0 = Release|Any CPU
		{D6189294-C129-4656-9116-EC382559410F}.Debug|Any CPU.ActiveCfg = Debug|Any CPU
		{D6189294-C129-4656-9116-EC382559410F}.Debug|Any CPU.Build.0 = Debug|Any CPU
		{D6189294-C129-4656-9116-EC382559410F}.Release|Any CPU.ActiveCfg = Release|Any CPU
		{D6189294-C129-4656-9116-EC382559410F}.Release|Any CPU.Build.0 = Release|Any CPU
		{88D53758-84E1-4140-8F30-67A1D9BD3C96}.Debug|Any CPU.ActiveCfg = Debug|Any CPU
		{88D53758-84E1-4140-8F30-67A1D9BD3C96}.Debug|Any CPU.Build.0 = Debug|Any CPU
		{88D53758-84E1-4140-8F30-67A1D9BD3C96}.Release|Any CPU.ActiveCfg = Release|Any CPU
		{88D53758-84E1-4140-8F30-67A1D9BD3C96}.Release|Any CPU.Build.0 = Release|Any CPU
		{4F18C04D-0B48-4946-B87E-2708358B61EE}.Debug|Any CPU.ActiveCfg = Debug|Any CPU
		{4F18C04D-0B48-4946-B87E-2708358B61EE}.Debug|Any CPU.Build.0 = Debug|Any CPU
		{4F18C04D-0B48-4946-B87E-2708358B61EE}.Release|Any CPU.ActiveCfg = Release|Any CPU
		{4F18C04D-0B48-4946-B87E-2708358B61EE}.Release|Any CPU.Build.0 = Release|Any CPU
		{5FCD09FE-F124-4FB3-B74C-CE5430A49C4E}.Debug|Any CPU.ActiveCfg = Debug|Any CPU
		{5FCD09FE-F124-4FB3-B74C-CE5430A49C4E}.Debug|Any CPU.Build.0 = Debug|Any CPU
		{5FCD09FE-F124-4FB3-B74C-CE5430A49C4E}.Release|Any CPU.ActiveCfg = Release|Any CPU
		{5FCD09FE-F124-4FB3-B74C-CE5430A49C4E}.Release|Any CPU.Build.0 = Release|Any CPU
		{17CF5451-9D96-4D71-B675-190FD396829E}.Debug|Any CPU.ActiveCfg = Debug|Any CPU
		{17CF5451-9D96-4D71-B675-190FD396829E}.Debug|Any CPU.Build.0 = Debug|Any CPU
		{17CF5451-9D96-4D71-B675-190FD396829E}.Release|Any CPU.ActiveCfg = Release|Any CPU
		{17CF5451-9D96-4D71-B675-190FD396829E}.Release|Any CPU.Build.0 = Release|Any CPU
		{29898E82-B28D-4D41-A2A8-E2921546B338}.Debug|Any CPU.ActiveCfg = Debug|Any CPU
		{29898E82-B28D-4D41-A2A8-E2921546B338}.Debug|Any CPU.Build.0 = Debug|Any CPU
		{29898E82-B28D-4D41-A2A8-E2921546B338}.Release|Any CPU.ActiveCfg = Release|Any CPU
		{29898E82-B28D-4D41-A2A8-E2921546B338}.Release|Any CPU.Build.0 = Release|Any CPU
		{33023EEA-9F71-4648-9B75-01260A26FE06}.Debug|Any CPU.ActiveCfg = Debug|Any CPU
		{33023EEA-9F71-4648-9B75-01260A26FE06}.Debug|Any CPU.Build.0 = Debug|Any CPU
		{33023EEA-9F71-4648-9B75-01260A26FE06}.Release|Any CPU.ActiveCfg = Release|Any CPU
		{33023EEA-9F71-4648-9B75-01260A26FE06}.Release|Any CPU.Build.0 = Release|Any CPU
		{85F669C1-AAC8-4FC2-A8EA-962D4DD33ECB}.Debug|Any CPU.ActiveCfg = Debug|Any CPU
		{85F669C1-AAC8-4FC2-A8EA-962D4DD33ECB}.Debug|Any CPU.Build.0 = Debug|Any CPU
		{85F669C1-AAC8-4FC2-A8EA-962D4DD33ECB}.Release|Any CPU.ActiveCfg = Release|Any CPU
		{85F669C1-AAC8-4FC2-A8EA-962D4DD33ECB}.Release|Any CPU.Build.0 = Release|Any CPU
		{3931F335-A9DA-42AD-9C9D-F118BE15F4FD}.Debug|Any CPU.ActiveCfg = Debug|Any CPU
		{3931F335-A9DA-42AD-9C9D-F118BE15F4FD}.Debug|Any CPU.Build.0 = Debug|Any CPU
		{3931F335-A9DA-42AD-9C9D-F118BE15F4FD}.Release|Any CPU.ActiveCfg = Release|Any CPU
		{3931F335-A9DA-42AD-9C9D-F118BE15F4FD}.Release|Any CPU.Build.0 = Release|Any CPU
		{9E542951-A4E3-4867-8B8E-86621FE93C21}.Debug|Any CPU.ActiveCfg = Debug|Any CPU
		{9E542951-A4E3-4867-8B8E-86621FE93C21}.Debug|Any CPU.Build.0 = Debug|Any CPU
		{9E542951-A4E3-4867-8B8E-86621FE93C21}.Release|Any CPU.ActiveCfg = Release|Any CPU
		{9E542951-A4E3-4867-8B8E-86621FE93C21}.Release|Any CPU.Build.0 = Release|Any CPU
		{C8E9DD91-9190-4E44-ADEB-3A444D1D997B}.Debug|Any CPU.ActiveCfg = Debug|Any CPU
		{C8E9DD91-9190-4E44-ADEB-3A444D1D997B}.Debug|Any CPU.Build.0 = Debug|Any CPU
		{C8E9DD91-9190-4E44-ADEB-3A444D1D997B}.Release|Any CPU.ActiveCfg = Release|Any CPU
		{C8E9DD91-9190-4E44-ADEB-3A444D1D997B}.Release|Any CPU.Build.0 = Release|Any CPU
		{11B6F7F8-1516-43E2-929C-F8F187350DA0}.Debug|Any CPU.ActiveCfg = Debug|Any CPU
		{11B6F7F8-1516-43E2-929C-F8F187350DA0}.Debug|Any CPU.Build.0 = Debug|Any CPU
		{11B6F7F8-1516-43E2-929C-F8F187350DA0}.Release|Any CPU.ActiveCfg = Release|Any CPU
		{11B6F7F8-1516-43E2-929C-F8F187350DA0}.Release|Any CPU.Build.0 = Release|Any CPU
		{3987F974-0647-4FD7-B9C9-C73DC96B2F20}.Debug|Any CPU.ActiveCfg = Debug|Any CPU
		{3987F974-0647-4FD7-B9C9-C73DC96B2F20}.Debug|Any CPU.Build.0 = Debug|Any CPU
		{3987F974-0647-4FD7-B9C9-C73DC96B2F20}.Release|Any CPU.ActiveCfg = Release|Any CPU
		{3987F974-0647-4FD7-B9C9-C73DC96B2F20}.Release|Any CPU.Build.0 = Release|Any CPU
		{BB4B9E6B-449C-4C4F-97C4-E878605AD734}.Debug|Any CPU.ActiveCfg = Debug|Any CPU
		{BB4B9E6B-449C-4C4F-97C4-E878605AD734}.Debug|Any CPU.Build.0 = Debug|Any CPU
		{BB4B9E6B-449C-4C4F-97C4-E878605AD734}.Release|Any CPU.ActiveCfg = Release|Any CPU
		{BB4B9E6B-449C-4C4F-97C4-E878605AD734}.Release|Any CPU.Build.0 = Release|Any CPU
		{E5B99EB6-888B-43F4-9EDF-C7F81E9EAA17}.Debug|Any CPU.ActiveCfg = Debug|Any CPU
		{E5B99EB6-888B-43F4-9EDF-C7F81E9EAA17}.Debug|Any CPU.Build.0 = Debug|Any CPU
		{E5B99EB6-888B-43F4-9EDF-C7F81E9EAA17}.Release|Any CPU.ActiveCfg = Release|Any CPU
		{E5B99EB6-888B-43F4-9EDF-C7F81E9EAA17}.Release|Any CPU.Build.0 = Release|Any CPU
		{4B784F53-CEB2-4F71-B355-BB77CAA3BE41}.Debug|Any CPU.ActiveCfg = Debug|Any CPU
		{4B784F53-CEB2-4F71-B355-BB77CAA3BE41}.Debug|Any CPU.Build.0 = Debug|Any CPU
		{4B784F53-CEB2-4F71-B355-BB77CAA3BE41}.Release|Any CPU.ActiveCfg = Release|Any CPU
		{4B784F53-CEB2-4F71-B355-BB77CAA3BE41}.Release|Any CPU.Build.0 = Release|Any CPU
		{AB2A34EE-0116-4538-A1FA-3B66C6A38564}.Debug|Any CPU.ActiveCfg = Debug|Any CPU
		{AB2A34EE-0116-4538-A1FA-3B66C6A38564}.Debug|Any CPU.Build.0 = Debug|Any CPU
		{AB2A34EE-0116-4538-A1FA-3B66C6A38564}.Release|Any CPU.ActiveCfg = Release|Any CPU
		{AB2A34EE-0116-4538-A1FA-3B66C6A38564}.Release|Any CPU.Build.0 = Release|Any CPU
		{019F450B-F1BD-4AF8-9554-C61A857D91FE}.Debug|Any CPU.ActiveCfg = Debug|Any CPU
		{019F450B-F1BD-4AF8-9554-C61A857D91FE}.Debug|Any CPU.Build.0 = Debug|Any CPU
		{019F450B-F1BD-4AF8-9554-C61A857D91FE}.Release|Any CPU.ActiveCfg = Release|Any CPU
		{019F450B-F1BD-4AF8-9554-C61A857D91FE}.Release|Any CPU.Build.0 = Release|Any CPU
		{AD9BC2CB-DD2C-4A7B-B316-62B2059E59CD}.Debug|Any CPU.ActiveCfg = Debug|Any CPU
		{AD9BC2CB-DD2C-4A7B-B316-62B2059E59CD}.Debug|Any CPU.Build.0 = Debug|Any CPU
		{AD9BC2CB-DD2C-4A7B-B316-62B2059E59CD}.Release|Any CPU.ActiveCfg = Release|Any CPU
		{AD9BC2CB-DD2C-4A7B-B316-62B2059E59CD}.Release|Any CPU.Build.0 = Release|Any CPU
		{1D7D413F-847F-473E-A389-767AF206BC56}.Debug|Any CPU.ActiveCfg = Debug|Any CPU
		{1D7D413F-847F-473E-A389-767AF206BC56}.Debug|Any CPU.Build.0 = Debug|Any CPU
		{1D7D413F-847F-473E-A389-767AF206BC56}.Release|Any CPU.ActiveCfg = Release|Any CPU
		{1D7D413F-847F-473E-A389-767AF206BC56}.Release|Any CPU.Build.0 = Release|Any CPU
		{BCD8B67C-BBE2-47EA-9AC8-8A41649C8BBA}.Debug|Any CPU.ActiveCfg = Debug|Any CPU
		{BCD8B67C-BBE2-47EA-9AC8-8A41649C8BBA}.Debug|Any CPU.Build.0 = Debug|Any CPU
		{BCD8B67C-BBE2-47EA-9AC8-8A41649C8BBA}.Release|Any CPU.ActiveCfg = Release|Any CPU
		{BCD8B67C-BBE2-47EA-9AC8-8A41649C8BBA}.Release|Any CPU.Build.0 = Release|Any CPU
		{D3A3EB39-0B9A-481C-BEC4-498C3EBD4FFF}.Debug|Any CPU.ActiveCfg = Debug|Any CPU
		{D3A3EB39-0B9A-481C-BEC4-498C3EBD4FFF}.Debug|Any CPU.Build.0 = Debug|Any CPU
		{D3A3EB39-0B9A-481C-BEC4-498C3EBD4FFF}.Release|Any CPU.ActiveCfg = Release|Any CPU
		{D3A3EB39-0B9A-481C-BEC4-498C3EBD4FFF}.Release|Any CPU.Build.0 = Release|Any CPU
	EndGlobalSection
	GlobalSection(SolutionProperties) = preSolution
		HideSolutionNode = FALSE
	EndGlobalSection
	GlobalSection(NestedProjects) = preSolution
		{6FF88DF6-C503-42A5-AA61-61298DA7038A} = {AAB26653-DE8B-4825-B4EA-BDE01F937D0F}
		{F44DCCDF-538E-467D-861E-3BD565810FD9} = {AAB26653-DE8B-4825-B4EA-BDE01F937D0F}
		{64B293C0-372F-4C85-9EB4-3FD4F113209C} = {AAB26653-DE8B-4825-B4EA-BDE01F937D0F}
		{B9993162-3EBE-4B04-9AA5-94700F7FA39B} = {BAA83A1E-B84F-41E3-8D64-DF30071EF35E}
		{FE137D72-59DB-4E64-B63F-0F490AF4AF98} = {BAA83A1E-B84F-41E3-8D64-DF30071EF35E}
		{9C620ED3-395A-4993-A4D4-E63260701184} = {BAA83A1E-B84F-41E3-8D64-DF30071EF35E}
		{27C47AA9-4A80-4DCF-BBCC-FF50A988B14E} = {5C62D7B6-D951-4BC2-9829-C9A2FABD83B3}
		{7CF6520C-DA10-49A0-87D4-B9BA26584EC6} = {5C62D7B6-D951-4BC2-9829-C9A2FABD83B3}
		{715380F6-6565-4D36-A861-E876CA498861} = {5C62D7B6-D951-4BC2-9829-C9A2FABD83B3}
		{BB5B7EE2-ECD3-4A86-A6AE-31D3C8254AE5} = {7D596D39-75C9-4796-8B62-4708924F1CA6}
		{D6189294-C129-4656-9116-EC382559410F} = {617BD05D-7321-4DBA-95C9-988C9249E3DC}
		{88D53758-84E1-4140-8F30-67A1D9BD3C96} = {AAFAF53F-14E2-4EE9-B053-B1803D47AEE4}
		{4F18C04D-0B48-4946-B87E-2708358B61EE} = {7D596D39-75C9-4796-8B62-4708924F1CA6}
		{5FCD09FE-F124-4FB3-B74C-CE5430A49C4E} = {617BD05D-7321-4DBA-95C9-988C9249E3DC}
		{17CF5451-9D96-4D71-B675-190FD396829E} = {7D596D39-75C9-4796-8B62-4708924F1CA6}
		{29898E82-B28D-4D41-A2A8-E2921546B338} = {617BD05D-7321-4DBA-95C9-988C9249E3DC}
		{33023EEA-9F71-4648-9B75-01260A26FE06} = {AAFAF53F-14E2-4EE9-B053-B1803D47AEE4}
		{85F669C1-AAC8-4FC2-A8EA-962D4DD33ECB} = {AAFAF53F-14E2-4EE9-B053-B1803D47AEE4}
		{3931F335-A9DA-42AD-9C9D-F118BE15F4FD} = {217E8F56-4BC3-4F4F-B229-25CA0956A32B}
		{9E542951-A4E3-4867-8B8E-86621FE93C21} = {217E8F56-4BC3-4F4F-B229-25CA0956A32B}
		{C8E9DD91-9190-4E44-ADEB-3A444D1D997B} = {217E8F56-4BC3-4F4F-B229-25CA0956A32B}
		{11B6F7F8-1516-43E2-929C-F8F187350DA0} = {10AAB035-7381-4CD5-9910-D126A244C257}
		{3987F974-0647-4FD7-B9C9-C73DC96B2F20} = {10AAB035-7381-4CD5-9910-D126A244C257}
		{BB4B9E6B-449C-4C4F-97C4-E878605AD734} = {10AAB035-7381-4CD5-9910-D126A244C257}
		{E5B99EB6-888B-43F4-9EDF-C7F81E9EAA17} = {10AAB035-7381-4CD5-9910-D126A244C257}
		{4B784F53-CEB2-4F71-B355-BB77CAA3BE41} = {10AAB035-7381-4CD5-9910-D126A244C257}
		{AB2A34EE-0116-4538-A1FA-3B66C6A38564} = {10AAB035-7381-4CD5-9910-D126A244C257}
		{019F450B-F1BD-4AF8-9554-C61A857D91FE} = {10AAB035-7381-4CD5-9910-D126A244C257}
		{AD9BC2CB-DD2C-4A7B-B316-62B2059E59CD} = {10AAB035-7381-4CD5-9910-D126A244C257}
		{1D7D413F-847F-473E-A389-767AF206BC56} = {10AAB035-7381-4CD5-9910-D126A244C257}
		{BCD8B67C-BBE2-47EA-9AC8-8A41649C8BBA} = {10AAB035-7381-4CD5-9910-D126A244C257}
		{D3A3EB39-0B9A-481C-BEC4-498C3EBD4FFF} = {10AAB035-7381-4CD5-9910-D126A244C257}
	EndGlobalSection
	GlobalSection(ExtensibilityGlobals) = postSolution
		SolutionGuid = {A2BC8EEA-B927-4432-AE5A-749AA34C5915}
	EndGlobalSection
EndGlobal
