
Microsoft Visual Studio Solution File, Format Version 12.00
# Visual Studio Version 16
VisualStudioVersion = 16.0.31501.217
MinimumVisualStudioVersion = 10.0.40219.1
Project("{FAE04EC0-301F-11D3-BF4B-00C04F79EFBC}") = "Film", "Film\Film.csproj", "{C9BCAE87-3679-4DD6-B678-8392C2634B3E}"
EndProject
Global
	GlobalSection(SolutionConfigurationPlatforms) = preSolution
		Debug|Any CPU = Debug|Any CPU
		Release|Any CPU = Release|Any CPU
	EndGlobalSection
	GlobalSection(ProjectConfigurationPlatforms) = postSolution
		{C9BCAE87-3679-4DD6-B678-8392C2634B3E}.Debug|Any CPU.ActiveCfg = Debug|Any CPU
		{C9BCAE87-3679-4DD6-B678-8392C2634B3E}.Debug|Any CPU.Build.0 = Debug|Any CPU
		{C9BCAE87-3679-4DD6-B678-8392C2634B3E}.Release|Any CPU.ActiveCfg = Release|Any CPU
		{C9BCAE87-3679-4DD6-B678-8392C2634B3E}.Release|Any CPU.Build.0 = Release|Any CPU
	EndGlobalSection
	GlobalSection(SolutionProperties) = preSolution
		HideSolutionNode = FALSE
	EndGlobalSection
	GlobalSection(ExtensibilityGlobals) = postSolution
		SolutionGuid = {3663E429-B053-428A-BC80-3284011ADE50}
	EndGlobalSection
EndGlobal
